
Microsoft Visual Studio Solution File, Format Version 12.00
# Visual Studio Version 16
VisualStudioVersion = 16.0.29519.181
MinimumVisualStudioVersion = 10.0.40219.1
Project("{888888A0-9F3D-457C-B088-3A5042F75D52}") = "Binance_testBot", "Binance_testBot\Binance_testBot.pyproj", "{A43B3754-1A3A-42FF-88B9-80E4AF3F5439}"
EndProject
Global
	GlobalSection(SolutionConfigurationPlatforms) = preSolution
		Debug|Any CPU = Debug|Any CPU
		Release|Any CPU = Release|Any CPU
	EndGlobalSection
	GlobalSection(ProjectConfigurationPlatforms) = postSolution
		{A43B3754-1A3A-42FF-88B9-80E4AF3F5439}.Debug|Any CPU.ActiveCfg = Debug|Any CPU
		{A43B3754-1A3A-42FF-88B9-80E4AF3F5439}.Release|Any CPU.ActiveCfg = Release|Any CPU
	EndGlobalSection
	GlobalSection(SolutionProperties) = preSolution
		HideSolutionNode = FALSE
	EndGlobalSection
	GlobalSection(ExtensibilityGlobals) = postSolution
		SolutionGuid = {A2C7AFDC-829A-4C3E-B5EF-D73D75AD450E}
	EndGlobalSection
EndGlobal
